// !$*UTF8*$!
{
	archiveVersion = 1;
	classes = {
	};
	objectVersion = 46;
	objects = {

/* Begin PBXBuildFile section */
		D645A6651E14F0A9008EE533 /* main.m in Sources */ = {isa = PBXBuildFile; fileRef = D645A6641E14F0A9008EE533 /* main.m */; };
		D645A6681E14F0A9008EE533 /* AppDelegate.m in Sources */ = {isa = PBXBuildFile; fileRef = D645A6671E14F0A9008EE533 /* AppDelegate.m */; };
		D645A66B1E14F0A9008EE533 /* ViewController.m in Sources */ = {isa = PBXBuildFile; fileRef = D645A66A1E14F0A9008EE533 /* ViewController.m */; };
		D645A66E1E14F0A9008EE533 /* Main.storyboard in Resources */ = {isa = PBXBuildFile; fileRef = D645A66C1E14F0A9008EE533 /* Main.storyboard */; };
		D645A6701E14F0A9008EE533 /* Assets.xcassets in Resources */ = {isa = PBXBuildFile; fileRef = D645A66F1E14F0A9008EE533 /* Assets.xcassets */; };
		D645A6731E14F0A9008EE533 /* LaunchScreen.storyboard in Resources */ = {isa = PBXBuildFile; fileRef = D645A6711E14F0A9008EE533 /* LaunchScreen.storyboard */; };
		D645A67E1E14F0A9008EE533 /* ___Tests.m in Sources */ = {isa = PBXBuildFile; fileRef = D645A67D1E14F0A9008EE533 /* ___Tests.m */; };
		D645A6891E14F0A9008EE533 /* ___UITests.m in Sources */ = {isa = PBXBuildFile; fileRef = D645A6881E14F0A9008EE533 /* ___UITests.m */; };
/* End PBXBuildFile section */

/* Begin PBXContainerItemProxy section */
		D645A67A1E14F0A9008EE533 /* PBXContainerItemProxy */ = {
			isa = PBXContainerItemProxy;
			containerPortal = D645A6581E14F0A9008EE533 /* Project object */;
			proxyType = 1;
			remoteGlobalIDString = D645A65F1E14F0A9008EE533;
			remoteInfo = "倍儿爽";
		};
		D645A6851E14F0A9008EE533 /* PBXContainerItemProxy */ = {
			isa = PBXContainerItemProxy;
			containerPortal = D645A6581E14F0A9008EE533 /* Project object */;
			proxyType = 1;
			remoteGlobalIDString = D645A65F1E14F0A9008EE533;
			remoteInfo = "倍儿爽";
		};
/* End PBXContainerItemProxy section */

/* Begin PBXFileReference section */
		D645A6601E14F0A9008EE533 /* 倍儿爽.app */ = {isa = PBXFileReference; explicitFileType = wrapper.application; includeInIndex = 0; path = "倍儿爽.app"; sourceTree = BUILT_PRODUCTS_DIR; };
		D645A6641E14F0A9008EE533 /* main.m */ = {isa = PBXFileReference; lastKnownFileType = sourcecode.c.objc; path = main.m; sourceTree = "<group>"; };
		D645A6661E14F0A9008EE533 /* AppDelegate.h */ = {isa = PBXFileReference; lastKnownFileType = sourcecode.c.h; path = AppDelegate.h; sourceTree = "<group>"; };
		D645A6671E14F0A9008EE533 /* AppDelegate.m */ = {isa = PBXFileReference; lastKnownFileType = sourcecode.c.objc; path = AppDelegate.m; sourceTree = "<group>"; };
		D645A6691E14F0A9008EE533 /* ViewController.h */ = {isa = PBXFileReference; lastKnownFileType = sourcecode.c.h; path = ViewController.h; sourceTree = "<group>"; };
		D645A66A1E14F0A9008EE533 /* ViewController.m */ = {isa = PBXFileReference; lastKnownFileType = sourcecode.c.objc; path = ViewController.m; sourceTree = "<group>"; };
		D645A66D1E14F0A9008EE533 /* Base */ = {isa = PBXFileReference; lastKnownFileType = file.storyboard; name = Base; path = Base.lproj/Main.storyboard; sourceTree = "<group>"; };
		D645A66F1E14F0A9008EE533 /* Assets.xcassets */ = {isa = PBXFileReference; lastKnownFileType = folder.assetcatalog; path = Assets.xcassets; sourceTree = "<group>"; };
		D645A6721E14F0A9008EE533 /* Base */ = {isa = PBXFileReference; lastKnownFileType = file.storyboard; name = Base; path = Base.lproj/LaunchScreen.storyboard; sourceTree = "<group>"; };
		D645A6741E14F0A9008EE533 /* Info.plist */ = {isa = PBXFileReference; lastKnownFileType = text.plist.xml; path = Info.plist; sourceTree = "<group>"; };
		D645A6791E14F0A9008EE533 /* 倍儿爽Tests.xctest */ = {isa = PBXFileReference; explicitFileType = wrapper.cfbundle; includeInIndex = 0; path = "倍儿爽Tests.xctest"; sourceTree = BUILT_PRODUCTS_DIR; };
		D645A67D1E14F0A9008EE533 /* ___Tests.m */ = {isa = PBXFileReference; lastKnownFileType = sourcecode.c.objc; path = "___Tests.m"; sourceTree = "<group>"; };
		D645A67F1E14F0A9008EE533 /* Info.plist */ = {isa = PBXFileReference; lastKnownFileType = text.plist.xml; path = Info.plist; sourceTree = "<group>"; };
		D645A6841E14F0A9008EE533 /* 倍儿爽UITests.xctest */ = {isa = PBXFileReference; explicitFileType = wrapper.cfbundle; includeInIndex = 0; path = "倍儿爽UITests.xctest"; sourceTree = BUILT_PRODUCTS_DIR; };
		D645A6881E14F0A9008EE533 /* ___UITests.m */ = {isa = PBXFileReference; lastKnownFileType = sourcecode.c.objc; path = "___UITests.m"; sourceTree = "<group>"; };
		D645A68A1E14F0A9008EE533 /* Info.plist */ = {isa = PBXFileReference; lastKnownFileType = text.plist.xml; path = Info.plist; sourceTree = "<group>"; };
/* End PBXFileReference section */

/* Begin PBXFrameworksBuildPhase section */
		D645A65D1E14F0A9008EE533 /* Frameworks */ = {
			isa = PBXFrameworksBuildPhase;
			buildActionMask = 2147483647;
			files = (
			);
			runOnlyForDeploymentPostprocessing = 0;
		};
		D645A6761E14F0A9008EE533 /* Frameworks */ = {
			isa = PBXFrameworksBuildPhase;
			buildActionMask = 2147483647;
			files = (
			);
			runOnlyForDeploymentPostprocessing = 0;
		};
		D645A6811E14F0A9008EE533 /* Frameworks */ = {
			isa = PBXFrameworksBuildPhase;
			buildActionMask = 2147483647;
			files = (
			);
			runOnlyForDeploymentPostprocessing = 0;
		};
/* End PBXFrameworksBuildPhase section */

/* Begin PBXGroup section */
		D645A6571E14F0A9008EE533 = {
			isa = PBXGroup;
			children = (
				D645A6621E14F0A9008EE533 /* 倍儿爽 */,
				D645A67C1E14F0A9008EE533 /* 倍儿爽Tests */,
				D645A6871E14F0A9008EE533 /* 倍儿爽UITests */,
				D645A6611E14F0A9008EE533 /* Products */,
			);
			sourceTree = "<group>";
		};
		D645A6611E14F0A9008EE533 /* Products */ = {
			isa = PBXGroup;
			children = (
				D645A6601E14F0A9008EE533 /* 倍儿爽.app */,
				D645A6791E14F0A9008EE533 /* 倍儿爽Tests.xctest */,
				D645A6841E14F0A9008EE533 /* 倍儿爽UITests.xctest */,
			);
			name = Products;
			sourceTree = "<group>";
		};
		D645A6621E14F0A9008EE533 /* 倍儿爽 */ = {
			isa = PBXGroup;
			children = (
				D645A6661E14F0A9008EE533 /* AppDelegate.h */,
				D645A6671E14F0A9008EE533 /* AppDelegate.m */,
				D645A6691E14F0A9008EE533 /* ViewController.h */,
				D645A66A1E14F0A9008EE533 /* ViewController.m */,
				D645A66C1E14F0A9008EE533 /* Main.storyboard */,
				D645A66F1E14F0A9008EE533 /* Assets.xcassets */,
				D645A6711E14F0A9008EE533 /* LaunchScreen.storyboard */,
				D645A6741E14F0A9008EE533 /* Info.plist */,
				D645A6631E14F0A9008EE533 /* Supporting Files */,
			);
			path = "倍儿爽";
			sourceTree = "<group>";
		};
		D645A6631E14F0A9008EE533 /* Supporting Files */ = {
			isa = PBXGroup;
			children = (
				D645A6641E14F0A9008EE533 /* main.m */,
			);
			name = "Supporting Files";
			sourceTree = "<group>";
		};
		D645A67C1E14F0A9008EE533 /* 倍儿爽Tests */ = {
			isa = PBXGroup;
			children = (
				D645A67D1E14F0A9008EE533 /* ___Tests.m */,
				D645A67F1E14F0A9008EE533 /* Info.plist */,
			);
			path = "倍儿爽Tests";
			sourceTree = "<group>";
		};
		D645A6871E14F0A9008EE533 /* 倍儿爽UITests */ = {
			isa = PBXGroup;
			children = (
				D645A6881E14F0A9008EE533 /* ___UITests.m */,
				D645A68A1E14F0A9008EE533 /* Info.plist */,
			);
			path = "倍儿爽UITests";
			sourceTree = "<group>";
		};
/* End PBXGroup section */

/* Begin PBXNativeTarget section */
		D645A65F1E14F0A9008EE533 /* 倍儿爽 */ = {
			isa = PBXNativeTarget;
			buildConfigurationList = D645A68D1E14F0A9008EE533 /* Build configuration list for PBXNativeTarget "倍儿爽" */;
			buildPhases = (
				D645A65C1E14F0A9008EE533 /* Sources */,
				D645A65D1E14F0A9008EE533 /* Frameworks */,
				D645A65E1E14F0A9008EE533 /* Resources */,
			);
			buildRules = (
			);
			dependencies = (
			);
			name = "倍儿爽";
			productName = "倍儿爽";
			productReference = D645A6601E14F0A9008EE533 /* 倍儿爽.app */;
			productType = "com.apple.product-type.application";
		};
		D645A6781E14F0A9008EE533 /* 倍儿爽Tests */ = {
			isa = PBXNativeTarget;
			buildConfigurationList = D645A6901E14F0A9008EE533 /* Build configuration list for PBXNativeTarget "倍儿爽Tests" */;
			buildPhases = (
				D645A6751E14F0A9008EE533 /* Sources */,
				D645A6761E14F0A9008EE533 /* Frameworks */,
				D645A6771E14F0A9008EE533 /* Resources */,
			);
			buildRules = (
			);
			dependencies = (
				D645A67B1E14F0A9008EE533 /* PBXTargetDependency */,
			);
			name = "倍儿爽Tests";
			productName = "倍儿爽Tests";
			productReference = D645A6791E14F0A9008EE533 /* 倍儿爽Tests.xctest */;
			productType = "com.apple.product-type.bundle.unit-test";
		};
		D645A6831E14F0A9008EE533 /* 倍儿爽UITests */ = {
			isa = PBXNativeTarget;
			buildConfigurationList = D645A6931E14F0A9008EE533 /* Build configuration list for PBXNativeTarget "倍儿爽UITests" */;
			buildPhases = (
				D645A6801E14F0A9008EE533 /* Sources */,
				D645A6811E14F0A9008EE533 /* Frameworks */,
				D645A6821E14F0A9008EE533 /* Resources */,
			);
			buildRules = (
			);
			dependencies = (
				D645A6861E14F0A9008EE533 /* PBXTargetDependency */,
			);
			name = "倍儿爽UITests";
			productName = "倍儿爽UITests";
			productReference = D645A6841E14F0A9008EE533 /* 倍儿爽UITests.xctest */;
			productType = "com.apple.product-type.bundle.ui-testing";
		};
/* End PBXNativeTarget section */

/* Begin PBXProject section */
		D645A6581E14F0A9008EE533 /* Project object */ = {
			isa = PBXProject;
			attributes = {
				LastUpgradeCheck = 0810;
				ORGANIZATIONNAME = liuyi;
				TargetAttributes = {
					D645A65F1E14F0A9008EE533 = {
						CreatedOnToolsVersion = 8.1;
						ProvisioningStyle = Automatic;
					};
					D645A6781E14F0A9008EE533 = {
						CreatedOnToolsVersion = 8.1;
						ProvisioningStyle = Automatic;
						TestTargetID = D645A65F1E14F0A9008EE533;
					};
					D645A6831E14F0A9008EE533 = {
						CreatedOnToolsVersion = 8.1;
						ProvisioningStyle = Automatic;
						TestTargetID = D645A65F1E14F0A9008EE533;
					};
				};
			};
			buildConfigurationList = D645A65B1E14F0A9008EE533 /* Build configuration list for PBXProject "倍儿爽" */;
			compatibilityVersion = "Xcode 3.2";
			developmentRegion = English;
			hasScannedForEncodings = 0;
			knownRegions = (
				en,
				Base,
			);
			mainGroup = D645A6571E14F0A9008EE533;
			productRefGroup = D645A6611E14F0A9008EE533 /* Products */;
			projectDirPath = "";
			projectRoot = "";
			targets = (
				D645A65F1E14F0A9008EE533 /* 倍儿爽 */,
				D645A6781E14F0A9008EE533 /* 倍儿爽Tests */,
				D645A6831E14F0A9008EE533 /* 倍儿爽UITests */,
			);
		};
/* End PBXProject section */

/* Begin PBXResourcesBuildPhase section */
		D645A65E1E14F0A9008EE533 /* Resources */ = {
			isa = PBXResourcesBuildPhase;
			buildActionMask = 2147483647;
			files = (
				D645A6731E14F0A9008EE533 /* LaunchScreen.storyboard in Resources */,
				D645A6701E14F0A9008EE533 /* Assets.xcassets in Resources */,
				D645A66E1E14F0A9008EE533 /* Main.storyboard in Resources */,
			);
			runOnlyForDeploymentPostprocessing = 0;
		};
		D645A6771E14F0A9008EE533 /* Resources */ = {
			isa = PBXResourcesBuildPhase;
			buildActionMask = 2147483647;
			files = (
			);
			runOnlyForDeploymentPostprocessing = 0;
		};
		D645A6821E14F0A9008EE533 /* Resources */ = {
			isa = PBXResourcesBuildPhase;
			buildActionMask = 2147483647;
			files = (
			);
			runOnlyForDeploymentPostprocessing = 0;
		};
/* End PBXResourcesBuildPhase section */

/* Begin PBXSourcesBuildPhase section */
		D645A65C1E14F0A9008EE533 /* Sources */ = {
			isa = PBXSourcesBuildPhase;
			buildActionMask = 2147483647;
			files = (
				D645A66B1E14F0A9008EE533 /* ViewController.m in Sources */,
				D645A6681E14F0A9008EE533 /* AppDelegate.m in Sources */,
				D645A6651E14F0A9008EE533 /* main.m in Sources */,
			);
			runOnlyForDeploymentPostprocessing = 0;
		};
		D645A6751E14F0A9008EE533 /* Sources */ = {
			isa = PBXSourcesBuildPhase;
			buildActionMask = 2147483647;
			files = (
				D645A67E1E14F0A9008EE533 /* ___Tests.m in Sources */,
			);
			runOnlyForDeploymentPostprocessing = 0;
		};
		D645A6801E14F0A9008EE533 /* Sources */ = {
			isa = PBXSourcesBuildPhase;
			buildActionMask = 2147483647;
			files = (
				D645A6891E14F0A9008EE533 /* ___UITests.m in Sources */,
			);
			runOnlyForDeploymentPostprocessing = 0;
		};
/* End PBXSourcesBuildPhase section */

/* Begin PBXTargetDependency section */
		D645A67B1E14F0A9008EE533 /* PBXTargetDependency */ = {
			isa = PBXTargetDependency;
			target = D645A65F1E14F0A9008EE533 /* 倍儿爽 */;
			targetProxy = D645A67A1E14F0A9008EE533 /* PBXContainerItemProxy */;
		};
		D645A6861E14F0A9008EE533 /* PBXTargetDependency */ = {
			isa = PBXTargetDependency;
			target = D645A65F1E14F0A9008EE533 /* 倍儿爽 */;
			targetProxy = D645A6851E14F0A9008EE533 /* PBXContainerItemProxy */;
		};
/* End PBXTargetDependency section */

/* Begin PBXVariantGroup section */
		D645A66C1E14F0A9008EE533 /* Main.storyboard */ = {
			isa = PBXVariantGroup;
			children = (
				D645A66D1E14F0A9008EE533 /* Base */,
			);
			name = Main.storyboard;
			sourceTree = "<group>";
		};
		D645A6711E14F0A9008EE533 /* LaunchScreen.storyboard */ = {
			isa = PBXVariantGroup;
			children = (
				D645A6721E14F0A9008EE533 /* Base */,
			);
			name = LaunchScreen.storyboard;
			sourceTree = "<group>";
		};
/* End PBXVariantGroup section */

/* Begin XCBuildConfiguration section */
		D645A68B1E14F0A9008EE533 /* Debug */ = {
			isa = XCBuildConfiguration;
			buildSettings = {
				ALWAYS_SEARCH_USER_PATHS = NO;
				CLANG_ANALYZER_NONNULL = YES;
				CLANG_CXX_LANGUAGE_STANDARD = "gnu++0x";
				CLANG_CXX_LIBRARY = "libc++";
				CLANG_ENABLE_MODULES = YES;
				CLANG_ENABLE_OBJC_ARC = YES;
				CLANG_WARN_BOOL_CONVERSION = YES;
				CLANG_WARN_CONSTANT_CONVERSION = YES;
				CLANG_WARN_DIRECT_OBJC_ISA_USAGE = YES_ERROR;
				CLANG_WARN_DOCUMENTATION_COMMENTS = YES;
				CLANG_WARN_EMPTY_BODY = YES;
				CLANG_WARN_ENUM_CONVERSION = YES;
				CLANG_WARN_INFINITE_RECURSION = YES;
				CLANG_WARN_INT_CONVERSION = YES;
				CLANG_WARN_OBJC_ROOT_CLASS = YES_ERROR;
				CLANG_WARN_SUSPICIOUS_MOVES = YES;
				CLANG_WARN_UNREACHABLE_CODE = YES;
				CLANG_WARN__DUPLICATE_METHOD_MATCH = YES;
				"CODE_SIGN_IDENTITY[sdk=iphoneos*]" = "iPhone Developer";
				COPY_PHASE_STRIP = NO;
				DEBUG_INFORMATION_FORMAT = dwarf;
				ENABLE_STRICT_OBJC_MSGSEND = YES;
				ENABLE_TESTABILITY = YES;
				GCC_C_LANGUAGE_STANDARD = gnu99;
				GCC_DYNAMIC_NO_PIC = NO;
				GCC_NO_COMMON_BLOCKS = YES;
				GCC_OPTIMIZATION_LEVEL = 0;
				GCC_PREPROCESSOR_DEFINITIONS = (
					"DEBUG=1",
					"$(inherited)",
				);
				GCC_WARN_64_TO_32_BIT_CONVERSION = YES;
				GCC_WARN_ABOUT_RETURN_TYPE = YES_ERROR;
				GCC_WARN_UNDECLARED_SELECTOR = YES;
				GCC_WARN_UNINITIALIZED_AUTOS = YES_AGGRESSIVE;
				GCC_WARN_UNUSED_FUNCTION = YES;
				GCC_WARN_UNUSED_VARIABLE = YES;
				IPHONEOS_DEPLOYMENT_TARGET = 10.1;
				MTL_ENABLE_DEBUG_INFO = YES;
				ONLY_ACTIVE_ARCH = YES;
				SDKROOT = iphoneos;
				TARGETED_DEVICE_FAMILY = "1,2";
			};
			name = Debug;
		};
		D645A68C1E14F0A9008EE533 /* Release */ = {
			isa = XCBuildConfiguration;
			buildSettings = {
				ALWAYS_SEARCH_USER_PATHS = NO;
				CLANG_ANALYZER_NONNULL = YES;
				CLANG_CXX_LANGUAGE_STANDARD = "gnu++0x";
				CLANG_CXX_LIBRARY = "libc++";
				CLANG_ENABLE_MODULES = YES;
				CLANG_ENABLE_OBJC_ARC = YES;
				CLANG_WARN_BOOL_CONVERSION = YES;
				CLANG_WARN_CONSTANT_CONVERSION = YES;
				CLANG_WARN_DIRECT_OBJC_ISA_USAGE = YES_ERROR;
				CLANG_WARN_DOCUMENTATION_COMMENTS = YES;
				CLANG_WARN_EMPTY_BODY = YES;
				CLANG_WARN_ENUM_CONVERSION = YES;
				CLANG_WARN_INFINITE_RECURSION = YES;
				CLANG_WARN_INT_CONVERSION = YES;
				CLANG_WARN_OBJC_ROOT_CLASS = YES_ERROR;
				CLANG_WARN_SUSPICIOUS_MOVES = YES;
				CLANG_WARN_UNREACHABLE_CODE = YES;
				CLANG_WARN__DUPLICATE_METHOD_MATCH = YES;
				"CODE_SIGN_IDENTITY[sdk=iphoneos*]" = "iPhone Developer";
				COPY_PHASE_STRIP = NO;
				DEBUG_INFORMATION_FORMAT = "dwarf-with-dsym";
				ENABLE_NS_ASSERTIONS = NO;
				ENABLE_STRICT_OBJC_MSGSEND = YES;
				GCC_C_LANGUAGE_STANDARD = gnu99;
				GCC_NO_COMMON_BLOCKS = YES;
				GCC_WARN_64_TO_32_BIT_CONVERSION = YES;
				GCC_WARN_ABOUT_RETURN_TYPE = YES_ERROR;
				GCC_WARN_UNDECLARED_SELECTOR = YES;
				GCC_WARN_UNINITIALIZED_AUTOS = YES_AGGRESSIVE;
				GCC_WARN_UNUSED_FUNCTION = YES;
				GCC_WARN_UNUSED_VARIABLE = YES;
				IPHONEOS_DEPLOYMENT_TARGET = 10.1;
				MTL_ENABLE_DEBUG_INFO = NO;
				SDKROOT = iphoneos;
				TARGETED_DEVICE_FAMILY = "1,2";
				VALIDATE_PRODUCT = YES;
			};
			name = Release;
		};
		D645A68E1E14F0A9008EE533 /* Debug */ = {
			isa = XCBuildConfiguration;
			buildSettings = {
				ASSETCATALOG_COMPILER_APPICON_NAME = AppIcon;
				INFOPLIST_FILE = "倍儿爽/Info.plist";
				LD_RUNPATH_SEARCH_PATHS = "$(inherited) @executable_path/Frameworks";
				PRODUCT_BUNDLE_IDENTIFIER = "com.xiaozhi.---";
				PRODUCT_NAME = "$(TARGET_NAME)";
			};
			name = Debug;
		};
		D645A68F1E14F0A9008EE533 /* Release */ = {
			isa = XCBuildConfiguration;
			buildSettings = {
				ASSETCATALOG_COMPILER_APPICON_NAME = AppIcon;
				INFOPLIST_FILE = "倍儿爽/Info.plist";
				LD_RUNPATH_SEARCH_PATHS = "$(inherited) @executable_path/Frameworks";
				PRODUCT_BUNDLE_IDENTIFIER = "com.xiaozhi.---";
				PRODUCT_NAME = "$(TARGET_NAME)";
			};
			name = Release;
		};
		D645A6911E14F0A9008EE533 /* Debug */ = {
			isa = XCBuildConfiguration;
			buildSettings = {
				BUNDLE_LOADER = "$(TEST_HOST)";
				INFOPLIST_FILE = "倍儿爽Tests/Info.plist";
				LD_RUNPATH_SEARCH_PATHS = "$(inherited) @executable_path/Frameworks @loader_path/Frameworks";
				PRODUCT_BUNDLE_IDENTIFIER = "com.xiaozhi.---Tests";
				PRODUCT_NAME = "$(TARGET_NAME)";
				TEST_HOST = "$(BUILT_PRODUCTS_DIR)/倍儿爽.app/倍儿爽";
			};
			name = Debug;
		};
		D645A6921E14F0A9008EE533 /* Release */ = {
			isa = XCBuildConfiguration;
			buildSettings = {
				BUNDLE_LOADER = "$(TEST_HOST)";
				INFOPLIST_FILE = "倍儿爽Tests/Info.plist";
				LD_RUNPATH_SEARCH_PATHS = "$(inherited) @executable_path/Frameworks @loader_path/Frameworks";
				PRODUCT_BUNDLE_IDENTIFIER = "com.xiaozhi.---Tests";
				PRODUCT_NAME = "$(TARGET_NAME)";
				TEST_HOST = "$(BUILT_PRODUCTS_DIR)/倍儿爽.app/倍儿爽";
			};
			name = Release;
		};
		D645A6941E14F0A9008EE533 /* Debug */ = {
			isa = XCBuildConfiguration;
			buildSettings = {
				INFOPLIST_FILE = "倍儿爽UITests/Info.plist";
				LD_RUNPATH_SEARCH_PATHS = "$(inherited) @executable_path/Frameworks @loader_path/Frameworks";
				PRODUCT_BUNDLE_IDENTIFIER = "com.xiaozhi.---UITests";
				PRODUCT_NAME = "$(TARGET_NAME)";
				TEST_TARGET_NAME = "倍儿爽";
			};
			name = Debug;
		};
		D645A6951E14F0A9008EE533 /* Release */ = {
			isa = XCBuildConfiguration;
			buildSettings = {
				INFOPLIST_FILE = "倍儿爽UITests/Info.plist";
				LD_RUNPATH_SEARCH_PATHS = "$(inherited) @executable_path/Frameworks @loader_path/Frameworks";
				PRODUCT_BUNDLE_IDENTIFIER = "com.xiaozhi.---UITests";
				PRODUCT_NAME = "$(TARGET_NAME)";
				TEST_TARGET_NAME = "倍儿爽";
			};
			name = Release;
		};
/* End XCBuildConfiguration section */

/* Begin XCConfigurationList section */
		D645A65B1E14F0A9008EE533 /* Build configuration list for PBXProject "倍儿爽" */ = {
			isa = XCConfigurationList;
			buildConfigurations = (
				D645A68B1E14F0A9008EE533 /* Debug */,
				D645A68C1E14F0A9008EE533 /* Release */,
			);
			defaultConfigurationIsVisible = 0;
			defaultConfigurationName = Release;
		};
		D645A68D1E14F0A9008EE533 /* Build configuration list for PBXNativeTarget "倍儿爽" */ = {
			isa = XCConfigurationList;
			buildConfigurations = (
				D645A68E1E14F0A9008EE533 /* Debug */,
				D645A68F1E14F0A9008EE533 /* Release */,
			);
			defaultConfigurationIsVisible = 0;
		};
		D645A6901E14F0A9008EE533 /* Build configuration list for PBXNativeTarget "倍儿爽Tests" */ = {
			isa = XCConfigurationList;
			buildConfigurations = (
				D645A6911E14F0A9008EE533 /* Debug */,
				D645A6921E14F0A9008EE533 /* Release */,
			);
			defaultConfigurationIsVisible = 0;
		};
		D645A6931E14F0A9008EE533 /* Build configuration list for PBXNativeTarget "倍儿爽UITests" */ = {
			isa = XCConfigurationList;
			buildConfigurations = (
				D645A6941E14F0A9008EE533 /* Debug */,
				D645A6951E14F0A9008EE533 /* Release */,
			);
			defaultConfigurationIsVisible = 0;
		};
/* End XCConfigurationList section */
	};
	rootObject = D645A6581E14F0A9008EE533 /* Project object */;
}
